{
  "name": "oldtsc",
  "version": "1.0.0",
  "lockfileVersion": 2,
  "requires": true,
  "packages": {
    "": {
      "name": "oldtsc",
      "version": "1.0.0",
      "license": "UNLICENSED",
      "devDependencies": {
        "@types/node": "0.12.0",
        "typescript": "2.0.0"
      }
    },
    "node_modules/@types/node": {
      "version": "0.12.0",
      "resolved": "https://registry.npmjs.org/@types/node/-/node-0.12.0.tgz",
      "integrity": "sha1-DuaiT4ooXSz4lOH4KbkyM5tnRB8=",
      "dev": true
    },
    "node_modules/typescript": {
      "version": "2.0.0",
      "resolved": "https://registry.npmjs.org/typescript/-/typescript-2.0.0.tgz",
      "integrity": "sha1-FHlfnDngYCJZeioJ63M62r75sIw=",
      "dev": true,
      "bin": {
        "tsc": "bin/tsc",
        "tsserver": "bin/tsserver"
      },
      "engines": {
        "node": ">=0.8.0"
      }
    }
  },
  "dependencies": {
    "@types/node": {
      "version": "0.12.0",
      "resolved": "https://registry.npmjs.org/@types/node/-/node-0.12.0.tgz",
      "integrity": "sha1-DuaiT4ooXSz4lOH4KbkyM5tnRB8=",
      "dev": true
    },
    "typescript": {
      "version": "2.0.0",
      "resolved": "https://registry.npmjs.org/typescript/-/typescript-2.0.0.tgz",
      "integrity": "sha1-FHlfnDngYCJZeioJ63M62r75sIw=",
      "dev": true
    }
  }
}
