name: 'Lock Threads'

# Will search once a day at 0:00 for closed issues and pull requests that have not had any activity in the past year.
on:
  schedule:
    - cron: '0 0 * * *'

permissions:
  issues: write
  pull-requests: write

jobs:
  action:
    runs-on: ubuntu-latest
    steps:
      - uses: dessant/lock-threads@v2
        with:
          github-token: ${{ github.token }}
          issue-lock-comment: >
            This issue has been automatically locked since there
            has not been any recent activity after it was closed.
            Please open a new issue for related bugs.
          process-only: 'issues'